
Microsoft Visual Studio Solution File, Format Version 12.00
# Visual Studio Version 16
VisualStudioVersion = 16.0.29411.138
MinimumVisualStudioVersion = 10.0.40219.1
Project("{9A19103F-16F7-4668-BE54-9A1E7A4F7556}") = "BikeRentalApi", "BikeRental\BikeRentalApi.csproj", "{0EFAEF05-A574-44BD-A6AD-36F660435001}"
EndProject
Project("{FAE04EC0-301F-11D3-BF4B-00C04F79EFBC}") = "BikeRentalApi.Tests", "BikeRentalApi.Tests\BikeRentalApi.Tests.csproj", "{57377C18-3748-4FFE-A988-64E2F4B2E58E}"
EndProject
Global
	GlobalSection(SolutionConfigurationPlatforms) = preSolution
		Debug|Any CPU = Debug|Any CPU
		Release|Any CPU = Release|Any CPU
	EndGlobalSection
	GlobalSection(ProjectConfigurationPlatforms) = postSolution
		{0EFAEF05-A574-44BD-A6AD-36F660435001}.Debug|Any CPU.ActiveCfg = Debug|Any CPU
		{0EFAEF05-A574-44BD-A6AD-36F660435001}.Debug|Any CPU.Build.0 = Debug|Any CPU
		{0EFAEF05-A574-44BD-A6AD-36F660435001}.Release|Any CPU.ActiveCfg = Release|Any CPU
		{0EFAEF05-A574-44BD-A6AD-36F660435001}.Release|Any CPU.Build.0 = Release|Any CPU
		{57377C18-3748-4FFE-A988-64E2F4B2E58E}.Debug|Any CPU.ActiveCfg = Debug|Any CPU
		{57377C18-3748-4FFE-A988-64E2F4B2E58E}.Debug|Any CPU.Build.0 = Debug|Any CPU
		{57377C18-3748-4FFE-A988-64E2F4B2E58E}.Release|Any CPU.ActiveCfg = Release|Any CPU
		{57377C18-3748-4FFE-A988-64E2F4B2E58E}.Release|Any CPU.Build.0 = Release|Any CPU
	EndGlobalSection
	GlobalSection(SolutionProperties) = preSolution
		HideSolutionNode = FALSE
	EndGlobalSection
	GlobalSection(ExtensibilityGlobals) = postSolution
		SolutionGuid = {68FE8418-8F9B-4B78-B9EF-1D0B27FBB2B4}
	EndGlobalSection
EndGlobal
